
Microsoft Visual Studio Solution File, Format Version 12.00
# Visual Studio Version 17
VisualStudioVersion = 17.1.32407.343
MinimumVisualStudioVersion = 10.0.40219.1
Project("{FAE04EC0-301F-11D3-BF4B-00C04F79EFBC}") = "DemoexamPr", "DemoexamPr.csproj", "{45E11D57-0C7C-4F27-A646-51EC210F8B79}"
EndProject
Project("{FAE04EC0-301F-11D3-BF4B-00C04F79EFBC}") = "UnitTestProject1", "UnitTestProject1\UnitTestProject1.csproj", "{DE47B08A-12FE-417E-B6FE-836399BE96C1}"
EndProject
Project("{FAE04EC0-301F-11D3-BF4B-00C04F79EFBC}") = "ClassLibrary1", "ClassLibrary1\ClassLibrary1.csproj", "{0759BD44-4C00-428F-B969-9377C2199F03}"
EndProject
Global
	GlobalSection(SolutionConfigurationPlatforms) = preSolution
		Debug|Any CPU = Debug|Any CPU
		Release|Any CPU = Release|Any CPU
	EndGlobalSection
	GlobalSection(ProjectConfigurationPlatforms) = postSolution
		{45E11D57-0C7C-4F27-A646-51EC210F8B79}.Debug|Any CPU.ActiveCfg = Debug|Any CPU
		{45E11D57-0C7C-4F27-A646-51EC210F8B79}.Debug|Any CPU.Build.0 = Debug|Any CPU
		{45E11D57-0C7C-4F27-A646-51EC210F8B79}.Release|Any CPU.ActiveCfg = Release|Any CPU
		{45E11D57-0C7C-4F27-A646-51EC210F8B79}.Release|Any CPU.Build.0 = Release|Any CPU
		{DE47B08A-12FE-417E-B6FE-836399BE96C1}.Debug|Any CPU.ActiveCfg = Debug|Any CPU
		{DE47B08A-12FE-417E-B6FE-836399BE96C1}.Debug|Any CPU.Build.0 = Debug|Any CPU
		{DE47B08A-12FE-417E-B6FE-836399BE96C1}.Release|Any CPU.ActiveCfg = Release|Any CPU
		{DE47B08A-12FE-417E-B6FE-836399BE96C1}.Release|Any CPU.Build.0 = Release|Any CPU
		{0759BD44-4C00-428F-B969-9377C2199F03}.Debug|Any CPU.ActiveCfg = Debug|Any CPU
		{0759BD44-4C00-428F-B969-9377C2199F03}.Debug|Any CPU.Build.0 = Debug|Any CPU
		{0759BD44-4C00-428F-B969-9377C2199F03}.Release|Any CPU.ActiveCfg = Release|Any CPU
		{0759BD44-4C00-428F-B969-9377C2199F03}.Release|Any CPU.Build.0 = Release|Any CPU
	EndGlobalSection
	GlobalSection(SolutionProperties) = preSolution
		HideSolutionNode = FALSE
	EndGlobalSection
	GlobalSection(ExtensibilityGlobals) = postSolution
		SolutionGuid = {7CEB4A05-1774-405D-B8F0-C10ACD43DA17}
	EndGlobalSection
EndGlobal
